
Microsoft Visual Studio Solution File, Format Version 12.00
# Visual Studio Version 17
VisualStudioVersion = 17.2.32602.215
MinimumVisualStudioVersion = 10.0.40219.1
Project("{FAE04EC0-301F-11D3-BF4B-00C04F79EFBC}") = "GerenciadorDeSquad", "GerenciadorDeSquad.csproj", "{2EC653DC-AD6B-48B3-8A3A-3E8FABF0C00D}"
EndProject
Global
	GlobalSection(SolutionConfigurationPlatforms) = preSolution
		Debug|Any CPU = Debug|Any CPU
		Release|Any CPU = Release|Any CPU
	EndGlobalSection
	GlobalSection(ProjectConfigurationPlatforms) = postSolution
		{2EC653DC-AD6B-48B3-8A3A-3E8FABF0C00D}.Debug|Any CPU.ActiveCfg = Debug|Any CPU
		{2EC653DC-AD6B-48B3-8A3A-3E8FABF0C00D}.Debug|Any CPU.Build.0 = Debug|Any CPU
		{2EC653DC-AD6B-48B3-8A3A-3E8FABF0C00D}.Release|Any CPU.ActiveCfg = Release|Any CPU
		{2EC653DC-AD6B-48B3-8A3A-3E8FABF0C00D}.Release|Any CPU.Build.0 = Release|Any CPU
	EndGlobalSection
	GlobalSection(SolutionProperties) = preSolution
		HideSolutionNode = FALSE
	EndGlobalSection
	GlobalSection(ExtensibilityGlobals) = postSolution
		SolutionGuid = {8A0CE76C-CA25-4538-9EFE-7C2BE12BBF4D}
	EndGlobalSection
EndGlobal
